uuid: e83f63f3-a306-4d94-ac99-01266b67ba7a
langcode: en
status: true
dependencies:
  config:
    - views.view.frontpage
  module:
    - system
    - views
  theme:
    - dorquenet
id: dorquenet_views_block__frontpage_node_block
theme: dorquenet
region: content
weight: -11
provider: null
plugin: 'views_block:frontpage-node_block'
settings:
  id: 'views_block:frontpage-node_block'
  label: ''
  label_display: '0'
  provider: views
  views_label: ''
  items_per_page: none
visibility:
  request_path:
    id: request_path
    negate: false
    pages: '<front>'
