uuid: 9e38df0d-4134-4fa4-a7b2-c60bee980fca
langcode: en
status: true
dependencies:
  theme:
    - dorquenet
id: dorquenet_donateblock
theme: dorquenet
region: footer_third
weight: 0
provider: null
plugin: 'block_content:db5fbac8-f574-49c9-978d-6ad9fde42ced'
settings:
  id: 'block_content:db5fbac8-f574-49c9-978d-6ad9fde42ced'
  label: 'Donate Block'
  label_display: visible
  provider: block_content
  status: true
  info: ''
  view_mode: default
visibility: {  }
